{
  "nodes": {
    "nixpkgs": {
      "locked": {
        "lastModified": 1757686808,
        "narHash": "sha256-PL+Z3OrNpFNHddbsBaxeojYkWObYc2NlyhTmsmpt+hc=",
        "owner": "NixOS",
        "repo": "nixpkgs",
        "rev": "098982b6eca9b809cc2f583e733338f5a36b3ad8",
        "type": "github"
      },
      "original": {
        "owner": "NixOS",
        "ref": "nixpkgs-unstable",
        "repo": "nixpkgs",
        "type": "github"
      }
    },
    "root": {
      "inputs": {
        "nixpkgs": "nixpkgs"
      }
    }
  },
  "root": "root",
  "version": 7
}
